
Microsoft Visual Studio Solution File, Format Version 12.00
# Visual Studio Version 17
VisualStudioVersion = 17.7.34031.279
MinimumVisualStudioVersion = 10.0.40219.1
Project("{FAE04EC0-301F-11D3-BF4B-00C04F79EFBC}") = "examen", "examen\examen.csproj", "{2E286922-8B05-4721-A288-A3D0D521A74B}"
EndProject
Global
	GlobalSection(SolutionConfigurationPlatforms) = preSolution
		Debug|Any CPU = Debug|Any CPU
		Release|Any CPU = Release|Any CPU
	EndGlobalSection
	GlobalSection(ProjectConfigurationPlatforms) = postSolution
		{2E286922-8B05-4721-A288-A3D0D521A74B}.Debug|Any CPU.ActiveCfg = Debug|Any CPU
		{2E286922-8B05-4721-A288-A3D0D521A74B}.Debug|Any CPU.Build.0 = Debug|Any CPU
		{2E286922-8B05-4721-A288-A3D0D521A74B}.Release|Any CPU.ActiveCfg = Release|Any CPU
		{2E286922-8B05-4721-A288-A3D0D521A74B}.Release|Any CPU.Build.0 = Release|Any CPU
	EndGlobalSection
	GlobalSection(SolutionProperties) = preSolution
		HideSolutionNode = FALSE
	EndGlobalSection
	GlobalSection(ExtensibilityGlobals) = postSolution
		SolutionGuid = {5E2BC98A-ADF8-4B0F-BAD6-63A8039FB69F}
	EndGlobalSection
EndGlobal
